// !$*UTF8*$!
{
	archiveVersion = 1;
	classes = {
	};
	objectVersion = 51;
	objects = {

/* Begin PBXBuildFile section */
		42AA2EDC1876FF436E0C4016 /* Pods_FilmsApp.framework in Frameworks */ = {isa = PBXBuildFile; fileRef = 6C978CE50F649DC866AA63E1 /* Pods_FilmsApp.framework */; };
		61D0A56626B2833C00FD68FF /* AppDelegate.swift in Sources */ = {isa = PBXBuildFile; fileRef = 61D0A56526B2833C00FD68FF /* AppDelegate.swift */; };
		61D0A56826B2833C00FD68FF /* SceneDelegate.swift in Sources */ = {isa = PBXBuildFile; fileRef = 61D0A56726B2833C00FD68FF /* SceneDelegate.swift */; };
		61D0A56A26B2833C00FD68FF /* MainViewController.swift in Sources */ = {isa = PBXBuildFile; fileRef = 61D0A56926B2833C00FD68FF /* MainViewController.swift */; };
		61D0A56D26B2833C00FD68FF /* Main.storyboard in Resources */ = {isa = PBXBuildFile; fileRef = 61D0A56B26B2833C00FD68FF /* Main.storyboard */; };
		61D0A56F26B2833D00FD68FF /* Assets.xcassets in Resources */ = {isa = PBXBuildFile; fileRef = 61D0A56E26B2833D00FD68FF /* Assets.xcassets */; };
		61D0A57226B2833D00FD68FF /* LaunchScreen.storyboard in Resources */ = {isa = PBXBuildFile; fileRef = 61D0A57026B2833D00FD68FF /* LaunchScreen.storyboard */; };
		61D0A57C26B2A86C00FD68FF /* DetailFilmViewController.swift in Sources */ = {isa = PBXBuildFile; fileRef = 61D0A57B26B2A86C00FD68FF /* DetailFilmViewController.swift */; };
		61EDC4AF26B406020016854F /* JSONModel.swift in Sources */ = {isa = PBXBuildFile; fileRef = 61EDC4AE26B406020016854F /* JSONModel.swift */; };
		8C5853702DD9FB77002BEA55 /* FavoriteFilmViewController.xib in Resources */ = {isa = PBXBuildFile; fileRef = 8C58536F2DD9FB77002BEA55 /* FavoriteFilmViewController.xib */; };
		8C6A4A092DAAB51300739AB1 /* MyCustomCell.swift in Sources */ = {isa = PBXBuildFile; fileRef = 8C6A4A082DAAB51300739AB1 /* MyCustomCell.swift */; };
		8C6A4A0D2DAEC3ED00739AB1 /* MyCustomCell.xib in Resources */ = {isa = PBXBuildFile; fileRef = 8C6A4A0C2DAEC3ED00739AB1 /* MyCustomCell.xib */; };
		8C77B8932DFEBE7800C72EEC /* PreviewImageCell.swift in Sources */ = {isa = PBXBuildFile; fileRef = 8C77B8922DFEBE7800C72EEC /* PreviewImageCell.swift */; };
		8C77B8952DFEC0B000C72EEC /* FullImageGalleryViewController.swift in Sources */ = {isa = PBXBuildFile; fileRef = 8C77B8942DFEC0B000C72EEC /* FullImageGalleryViewController.swift */; };
		8C77B8972DFECB2700C72EEC /* enum MovieCategory.swift in Sources */ = {isa = PBXBuildFile; fileRef = 8C77B8962DFECB2700C72EEC /* enum MovieCategory.swift */; };
		8C77B8992DFF1C3900C72EEC /* ImageLoader.swift in Sources */ = {isa = PBXBuildFile; fileRef = 8C77B8982DFF1C3900C72EEC /* ImageLoader.swift */; };
		8C77B89B2DFF1EBA00C72EEC /* MoviesViewController.swift in Sources */ = {isa = PBXBuildFile; fileRef = 8C77B89A2DFF1EBA00C72EEC /* MoviesViewController.swift */; };
		8C77B8C92DFF409900C72EEC /* FilmsAppTests.swift in Sources */ = {isa = PBXBuildFile; fileRef = 8C77B8C82DFF409900C72EEC /* FilmsAppTests.swift */; };
		8C77B8CB2DFF42A000C72EEC /* NetworkManagerTests.swift in Sources */ = {isa = PBXBuildFile; fileRef = 8C77B8CA2DFF42A000C72EEC /* NetworkManagerTests.swift */; };
		8C77B8CD2DFF43E600C72EEC /* NetworkManager.swift in Sources */ = {isa = PBXBuildFile; fileRef = 8C77B89C2DFF399900C72EEC /* NetworkManager.swift */; };
		8C809A862DFC93B20054362D /* MovieResponce.swift in Sources */ = {isa = PBXBuildFile; fileRef = 8C809A852DFC93B20054362D /* MovieResponce.swift */; };
		8C809A882DFC97D10054362D /* FullPicViewController.swift in Sources */ = {isa = PBXBuildFile; fileRef = 8C809A872DFC97D10054362D /* FullPicViewController.swift */; };
		8C96D6592E141B3300875FA7 /* MovieRealmTests.swift in Sources */ = {isa = PBXBuildFile; fileRef = 8C96D6582E141B3300875FA7 /* MovieRealmTests.swift */; };
		8C96D65B2E141BF600875FA7 /* MovieResponseParsingTests.swift in Sources */ = {isa = PBXBuildFile; fileRef = 8C96D65A2E141BF600875FA7 /* MovieResponseParsingTests.swift */; };
		8C96D65D2E144E5A00875FA7 /* DateHelpers.swift in Sources */ = {isa = PBXBuildFile; fileRef = 8C96D65C2E144E5A00875FA7 /* DateHelpers.swift */; };
		8C96D65F2E144F3800875FA7 /* DateParsingTests.swift in Sources */ = {isa = PBXBuildFile; fileRef = 8C96D65E2E144F3800875FA7 /* DateParsingTests.swift */; };
		8CB55D432DC1481F004F27A0 /* RoundingTransition.swift in Sources */ = {isa = PBXBuildFile; fileRef = 8CB55D422DC1481F004F27A0 /* RoundingTransition.swift */; };
		8CB55D492DCD0C88004F27A0 /* ImageFullscreenViewController.swift in Sources */ = {isa = PBXBuildFile; fileRef = 8CB55D482DCD0C88004F27A0 /* ImageFullscreenViewController.swift */; };
		8CC221232DFE0CB300141A17 /* FavoritesViewController.swift in Sources */ = {isa = PBXBuildFile; fileRef = 8CC221222DFE0CB300141A17 /* FavoritesViewController.swift */; };
		8CC63EBB2E008351003C46EB /* RoundingTransitionDelegate.swift in Sources */ = {isa = PBXBuildFile; fileRef = 8CC63EBA2E008351003C46EB /* RoundingTransitionDelegate.swift */; };
		8CC63EC02E00AC45003C46EB /* Localizable.strings in Resources */ = {isa = PBXBuildFile; fileRef = 8CC63EC22E00AC45003C46EB /* Localizable.strings */; };
		8CD9FAC02E01A2120046DAAB /* Trailer.swift in Sources */ = {isa = PBXBuildFile; fileRef = 8CD9FABF2E01A2120046DAAB /* Trailer.swift */; };
		8CD9FAC22E01A3620046DAAB /* TrailerCell.swift in Sources */ = {isa = PBXBuildFile; fileRef = 8CD9FAC12E01A3620046DAAB /* TrailerCell.swift */; };
		8CD9FAC42E01BD820046DAAB /* ImageCache.swift in Sources */ = {isa = PBXBuildFile; fileRef = 8CD9FAC32E01BD820046DAAB /* ImageCache.swift */; };
		8CD9FAC62E0326220046DAAB /* ImageInfo.swift in Sources */ = {isa = PBXBuildFile; fileRef = 8CD9FAC52E0326220046DAAB /* ImageInfo.swift */; };
		8CED45FE2DFB5CFD00909CC6 /* TMDbService.swift in Sources */ = {isa = PBXBuildFile; fileRef = 8CED45FD2DFB5CFD00909CC6 /* TMDbService.swift */; };
		8CED46042DFB6CE800909CC6 /* Model.swift in Sources */ = {isa = PBXBuildFile; fileRef = 8CED46032DFB6CE800909CC6 /* Model.swift */; };
		B007AA0E571E427782885E31 /* Pods_FilmsAppTests.framework in Frameworks */ = {isa = PBXBuildFile; fileRef = 205E55132A896DE2AA9AB37E /* Pods_FilmsAppTests.framework */; };
/* End PBXBuildFile section */

/* Begin PBXContainerItemProxy section */
		8C77B8C22DFF400100C72EEC /* PBXContainerItemProxy */ = {
			isa = PBXContainerItemProxy;
			containerPortal = 61D0A55A26B2833C00FD68FF /* Project object */;
			proxyType = 1;
			remoteGlobalIDString = 61D0A56126B2833C00FD68FF;
			remoteInfo = FilmsApp;
		};
/* End PBXContainerItemProxy section */

/* Begin PBXFileReference section */
		205E55132A896DE2AA9AB37E /* Pods_FilmsAppTests.framework */ = {isa = PBXFileReference; explicitFileType = wrapper.framework; includeInIndex = 0; path = Pods_FilmsAppTests.framework; sourceTree = BUILT_PRODUCTS_DIR; };
		2DABD949C90D11909D8A3E19 /* Pods-FilmsAppTests.debug.xcconfig */ = {isa = PBXFileReference; includeInIndex = 1; lastKnownFileType = text.xcconfig; name = "Pods-FilmsAppTests.debug.xcconfig"; path = "Target Support Files/Pods-FilmsAppTests/Pods-FilmsAppTests.debug.xcconfig"; sourceTree = "<group>"; };
		3B220794E6CFCD0F2EFBFC9C /* Pods-FilmsApp.debug.xcconfig */ = {isa = PBXFileReference; includeInIndex = 1; lastKnownFileType = text.xcconfig; name = "Pods-FilmsApp.debug.xcconfig"; path = "Target Support Files/Pods-FilmsApp/Pods-FilmsApp.debug.xcconfig"; sourceTree = "<group>"; };
		61D0A56226B2833C00FD68FF /* FilmsApp.app */ = {isa = PBXFileReference; explicitFileType = wrapper.application; includeInIndex = 0; path = FilmsApp.app; sourceTree = BUILT_PRODUCTS_DIR; };
		61D0A56526B2833C00FD68FF /* AppDelegate.swift */ = {isa = PBXFileReference; lastKnownFileType = sourcecode.swift; path = AppDelegate.swift; sourceTree = "<group>"; };
		61D0A56726B2833C00FD68FF /* SceneDelegate.swift */ = {isa = PBXFileReference; lastKnownFileType = sourcecode.swift; path = SceneDelegate.swift; sourceTree = "<group>"; };
		61D0A56926B2833C00FD68FF /* MainViewController.swift */ = {isa = PBXFileReference; lastKnownFileType = sourcecode.swift; path = MainViewController.swift; sourceTree = "<group>"; };
		61D0A56C26B2833C00FD68FF /* Base */ = {isa = PBXFileReference; lastKnownFileType = file.storyboard; name = Base; path = Base.lproj/Main.storyboard; sourceTree = "<group>"; };
		61D0A56E26B2833D00FD68FF /* Assets.xcassets */ = {isa = PBXFileReference; lastKnownFileType = folder.assetcatalog; path = Assets.xcassets; sourceTree = "<group>"; };
		61D0A57126B2833D00FD68FF /* Base */ = {isa = PBXFileReference; lastKnownFileType = file.storyboard; name = Base; path = Base.lproj/LaunchScreen.storyboard; sourceTree = "<group>"; };
		61D0A57326B2833D00FD68FF /* Info.plist */ = {isa = PBXFileReference; lastKnownFileType = text.plist.xml; path = Info.plist; sourceTree = "<group>"; };
		61D0A57B26B2A86C00FD68FF /* DetailFilmViewController.swift */ = {isa = PBXFileReference; lastKnownFileType = sourcecode.swift; path = DetailFilmViewController.swift; sourceTree = "<group>"; };
		61EDC4AE26B406020016854F /* JSONModel.swift */ = {isa = PBXFileReference; lastKnownFileType = sourcecode.swift; path = JSONModel.swift; sourceTree = "<group>"; };
		6C978CE50F649DC866AA63E1 /* Pods_FilmsApp.framework */ = {isa = PBXFileReference; explicitFileType = wrapper.framework; includeInIndex = 0; path = Pods_FilmsApp.framework; sourceTree = BUILT_PRODUCTS_DIR; };
		8C58536F2DD9FB77002BEA55 /* FavoriteFilmViewController.xib */ = {isa = PBXFileReference; lastKnownFileType = file.xib; path = FavoriteFilmViewController.xib; sourceTree = "<group>"; };
		8C6A4A082DAAB51300739AB1 /* MyCustomCell.swift */ = {isa = PBXFileReference; lastKnownFileType = sourcecode.swift; path = MyCustomCell.swift; sourceTree = "<group>"; };
		8C6A4A0C2DAEC3ED00739AB1 /* MyCustomCell.xib */ = {isa = PBXFileReference; lastKnownFileType = file.xib; path = MyCustomCell.xib; sourceTree = "<group>"; };
		8C77B8922DFEBE7800C72EEC /* PreviewImageCell.swift */ = {isa = PBXFileReference; lastKnownFileType = sourcecode.swift; path = PreviewImageCell.swift; sourceTree = "<group>"; };
		8C77B8942DFEC0B000C72EEC /* FullImageGalleryViewController.swift */ = {isa = PBXFileReference; lastKnownFileType = sourcecode.swift; path = FullImageGalleryViewController.swift; sourceTree = "<group>"; };
		8C77B8962DFECB2700C72EEC /* enum MovieCategory.swift */ = {isa = PBXFileReference; lastKnownFileType = sourcecode.swift; path = "enum MovieCategory.swift"; sourceTree = "<group>"; };
		8C77B8982DFF1C3900C72EEC /* ImageLoader.swift */ = {isa = PBXFileReference; lastKnownFileType = sourcecode.swift; path = ImageLoader.swift; sourceTree = "<group>"; };
		8C77B89A2DFF1EBA00C72EEC /* MoviesViewController.swift */ = {isa = PBXFileReference; lastKnownFileType = sourcecode.swift; path = MoviesViewController.swift; sourceTree = "<group>"; };
		8C77B89C2DFF399900C72EEC /* NetworkManager.swift */ = {isa = PBXFileReference; lastKnownFileType = sourcecode.swift; path = NetworkManager.swift; sourceTree = "<group>"; };
		8C77B8BE2DFF400000C72EEC /* FilmsAppTests.xctest */ = {isa = PBXFileReference; explicitFileType = wrapper.cfbundle; includeInIndex = 0; path = FilmsAppTests.xctest; sourceTree = BUILT_PRODUCTS_DIR; };
		8C77B8C72DFF409900C72EEC /* FilmsAppTests-Bridging-Header.h */ = {isa = PBXFileReference; lastKnownFileType = sourcecode.c.h; path = "FilmsAppTests-Bridging-Header.h"; sourceTree = "<group>"; };
		8C77B8C82DFF409900C72EEC /* FilmsAppTests.swift */ = {isa = PBXFileReference; lastKnownFileType = sourcecode.swift; path = FilmsAppTests.swift; sourceTree = "<group>"; };
		8C77B8CA2DFF42A000C72EEC /* NetworkManagerTests.swift */ = {isa = PBXFileReference; lastKnownFileType = sourcecode.swift; path = NetworkManagerTests.swift; sourceTree = "<group>"; };
		8C809A852DFC93B20054362D /* MovieResponce.swift */ = {isa = PBXFileReference; lastKnownFileType = sourcecode.swift; path = MovieResponce.swift; sourceTree = "<group>"; };
		8C809A872DFC97D10054362D /* FullPicViewController.swift */ = {isa = PBXFileReference; lastKnownFileType = sourcecode.swift; path = FullPicViewController.swift; sourceTree = "<group>"; };
		8C96D6582E141B3300875FA7 /* MovieRealmTests.swift */ = {isa = PBXFileReference; lastKnownFileType = sourcecode.swift; path = MovieRealmTests.swift; sourceTree = "<group>"; };
		8C96D65A2E141BF600875FA7 /* MovieResponseParsingTests.swift */ = {isa = PBXFileReference; lastKnownFileType = sourcecode.swift; path = MovieResponseParsingTests.swift; sourceTree = "<group>"; };
		8C96D65C2E144E5A00875FA7 /* DateHelpers.swift */ = {isa = PBXFileReference; lastKnownFileType = sourcecode.swift; path = DateHelpers.swift; sourceTree = "<group>"; };
		8C96D65E2E144F3800875FA7 /* DateParsingTests.swift */ = {isa = PBXFileReference; lastKnownFileType = sourcecode.swift; path = DateParsingTests.swift; sourceTree = "<group>"; };
		8CB55D422DC1481F004F27A0 /* RoundingTransition.swift */ = {isa = PBXFileReference; lastKnownFileType = sourcecode.swift; path = RoundingTransition.swift; sourceTree = "<group>"; };
		8CB55D482DCD0C88004F27A0 /* ImageFullscreenViewController.swift */ = {isa = PBXFileReference; lastKnownFileType = sourcecode.swift; path = ImageFullscreenViewController.swift; sourceTree = "<group>"; };
		8CC221222DFE0CB300141A17 /* FavoritesViewController.swift */ = {isa = PBXFileReference; lastKnownFileType = sourcecode.swift; path = FavoritesViewController.swift; sourceTree = "<group>"; };
		8CC63EBA2E008351003C46EB /* RoundingTransitionDelegate.swift */ = {isa = PBXFileReference; lastKnownFileType = sourcecode.swift; path = RoundingTransitionDelegate.swift; sourceTree = "<group>"; };
		8CC63EBC2E00ABDB003C46EB /* fr */ = {isa = PBXFileReference; lastKnownFileType = text.plist.strings; name = fr; path = fr.lproj/Main.strings; sourceTree = "<group>"; };
		8CC63EBD2E00ABDB003C46EB /* fr */ = {isa = PBXFileReference; lastKnownFileType = text.plist.strings; name = fr; path = fr.lproj/LaunchScreen.strings; sourceTree = "<group>"; };
		8CC63EC12E00AC45003C46EB /* fr */ = {isa = PBXFileReference; lastKnownFileType = text.plist.strings; name = fr; path = fr.lproj/Localizable.strings; sourceTree = "<group>"; };
		8CC63EC42E00AC74003C46EB /* en */ = {isa = PBXFileReference; lastKnownFileType = text.plist.strings; name = en; path = en.lproj/Localizable.strings; sourceTree = "<group>"; };
		8CD9FABF2E01A2120046DAAB /* Trailer.swift */ = {isa = PBXFileReference; lastKnownFileType = sourcecode.swift; path = Trailer.swift; sourceTree = "<group>"; };
		8CD9FAC12E01A3620046DAAB /* TrailerCell.swift */ = {isa = PBXFileReference; lastKnownFileType = sourcecode.swift; path = TrailerCell.swift; sourceTree = "<group>"; };
		8CD9FAC32E01BD820046DAAB /* ImageCache.swift */ = {isa = PBXFileReference; lastKnownFileType = sourcecode.swift; path = ImageCache.swift; sourceTree = "<group>"; };
		8CD9FAC52E0326220046DAAB /* ImageInfo.swift */ = {isa = PBXFileReference; lastKnownFileType = sourcecode.swift; path = ImageInfo.swift; sourceTree = "<group>"; };
		8CED45FD2DFB5CFD00909CC6 /* TMDbService.swift */ = {isa = PBXFileReference; lastKnownFileType = sourcecode.swift; path = TMDbService.swift; sourceTree = "<group>"; };
		8CED46032DFB6CE800909CC6 /* Model.swift */ = {isa = PBXFileReference; lastKnownFileType = sourcecode.swift; path = Model.swift; sourceTree = "<group>"; };
		9B10D94BD0E1A252700E8E02 /* Pods-FilmsAppTests.release.xcconfig */ = {isa = PBXFileReference; includeInIndex = 1; lastKnownFileType = text.xcconfig; name = "Pods-FilmsAppTests.release.xcconfig"; path = "Target Support Files/Pods-FilmsAppTests/Pods-FilmsAppTests.release.xcconfig"; sourceTree = "<group>"; };
		B6CB31E5C3BC7AC396DB926B /* Pods-FilmsApp.release.xcconfig */ = {isa = PBXFileReference; includeInIndex = 1; lastKnownFileType = text.xcconfig; name = "Pods-FilmsApp.release.xcconfig"; path = "Target Support Files/Pods-FilmsApp/Pods-FilmsApp.release.xcconfig"; sourceTree = "<group>"; };
/* End PBXFileReference section */

/* Begin PBXFrameworksBuildPhase section */
		61D0A55F26B2833C00FD68FF /* Frameworks */ = {
			isa = PBXFrameworksBuildPhase;
			buildActionMask = 2147483647;
			files = (
				42AA2EDC1876FF436E0C4016 /* Pods_FilmsApp.framework in Frameworks */,
			);
			runOnlyForDeploymentPostprocessing = 0;
		};
		8C77B8BB2DFF400000C72EEC /* Frameworks */ = {
			isa = PBXFrameworksBuildPhase;
			buildActionMask = 2147483647;
			files = (
				B007AA0E571E427782885E31 /* Pods_FilmsAppTests.framework in Frameworks */,
			);
			runOnlyForDeploymentPostprocessing = 0;
		};
/* End PBXFrameworksBuildPhase section */

/* Begin PBXGroup section */
		20E8882E4313C6E9E729637A /* Pods */ = {
			isa = PBXGroup;
			children = (
				3B220794E6CFCD0F2EFBFC9C /* Pods-FilmsApp.debug.xcconfig */,
				B6CB31E5C3BC7AC396DB926B /* Pods-FilmsApp.release.xcconfig */,
				2DABD949C90D11909D8A3E19 /* Pods-FilmsAppTests.debug.xcconfig */,
				9B10D94BD0E1A252700E8E02 /* Pods-FilmsAppTests.release.xcconfig */,
			);
			path = Pods;
			sourceTree = "<group>";
		};
		61D0A55926B2833C00FD68FF = {
			isa = PBXGroup;
			children = (
				8CC63EC22E00AC45003C46EB /* Localizable.strings */,
				61D0A56426B2833C00FD68FF /* FilmsApp */,
				8C77B8BF2DFF400100C72EEC /* FilmsAppTests */,
				61D0A56326B2833C00FD68FF /* Products */,
				20E8882E4313C6E9E729637A /* Pods */,
				E39E99AD8CB3A7FED8B24A2A /* Frameworks */,
			);
			sourceTree = "<group>";
		};
		61D0A56326B2833C00FD68FF /* Products */ = {
			isa = PBXGroup;
			children = (
				61D0A56226B2833C00FD68FF /* FilmsApp.app */,
				8C77B8BE2DFF400000C72EEC /* FilmsAppTests.xctest */,
			);
			name = Products;
			sourceTree = "<group>";
		};
		61D0A56426B2833C00FD68FF /* FilmsApp */ = {
			isa = PBXGroup;
			children = (
				8CED45FC2DFB5CE700909CC6 /* Service */,
				8C5853732DDA4FDF002BEA55 /* View */,
				8C5853722DDA4DC4002BEA55 /* Controller */,
				8C5853712DDA4D02002BEA55 /* Model */,
				61D0A56526B2833C00FD68FF /* AppDelegate.swift */,
				61D0A56726B2833C00FD68FF /* SceneDelegate.swift */,
				61D0A56E26B2833D00FD68FF /* Assets.xcassets */,
				61D0A57026B2833D00FD68FF /* LaunchScreen.storyboard */,
				61D0A57326B2833D00FD68FF /* Info.plist */,
			);
			path = FilmsApp;
			sourceTree = "<group>";
		};
		8C5853712DDA4D02002BEA55 /* Model */ = {
			isa = PBXGroup;
			children = (
				8C6A4A082DAAB51300739AB1 /* MyCustomCell.swift */,
				61EDC4AE26B406020016854F /* JSONModel.swift */,
				8CED46032DFB6CE800909CC6 /* Model.swift */,
				8CD9FABF2E01A2120046DAAB /* Trailer.swift */,
				8C809A852DFC93B20054362D /* MovieResponce.swift */,
				8CD9FAC12E01A3620046DAAB /* TrailerCell.swift */,
				8CD9FAC52E0326220046DAAB /* ImageInfo.swift */,
			);
			path = Model;
			sourceTree = "<group>";
		};
		8C5853722DDA4DC4002BEA55 /* Controller */ = {
			isa = PBXGroup;
			children = (
				8C77B8982DFF1C3900C72EEC /* ImageLoader.swift */,
				8C77B8962DFECB2700C72EEC /* enum MovieCategory.swift */,
				8C809A872DFC97D10054362D /* FullPicViewController.swift */,
				8C77B8942DFEC0B000C72EEC /* FullImageGalleryViewController.swift */,
				61D0A56926B2833C00FD68FF /* MainViewController.swift */,
				61D0A57B26B2A86C00FD68FF /* DetailFilmViewController.swift */,
				8CB55D482DCD0C88004F27A0 /* ImageFullscreenViewController.swift */,
				8CC221222DFE0CB300141A17 /* FavoritesViewController.swift */,
				8C77B89A2DFF1EBA00C72EEC /* MoviesViewController.swift */,
			);
			path = Controller;
			sourceTree = "<group>";
		};
		8C5853732DDA4FDF002BEA55 /* View */ = {
			isa = PBXGroup;
			children = (
				8CB55D422DC1481F004F27A0 /* RoundingTransition.swift */,
				61D0A56B26B2833C00FD68FF /* Main.storyboard */,
				8C6A4A0C2DAEC3ED00739AB1 /* MyCustomCell.xib */,
				8C58536F2DD9FB77002BEA55 /* FavoriteFilmViewController.xib */,
				8C77B8922DFEBE7800C72EEC /* PreviewImageCell.swift */,
				8CC63EBA2E008351003C46EB /* RoundingTransitionDelegate.swift */,
			);
			path = View;
			sourceTree = "<group>";
		};
		8C77B8BF2DFF400100C72EEC /* FilmsAppTests */ = {
			isa = PBXGroup;
			children = (
				8C77B8C82DFF409900C72EEC /* FilmsAppTests.swift */,
				8C77B8C72DFF409900C72EEC /* FilmsAppTests-Bridging-Header.h */,
				8C77B8CA2DFF42A000C72EEC /* NetworkManagerTests.swift */,
				8C96D6582E141B3300875FA7 /* MovieRealmTests.swift */,
				8C96D65A2E141BF600875FA7 /* MovieResponseParsingTests.swift */,
				8C96D65E2E144F3800875FA7 /* DateParsingTests.swift */,
			);
			path = FilmsAppTests;
			sourceTree = "<group>";
		};
		8CED45FC2DFB5CE700909CC6 /* Service */ = {
			isa = PBXGroup;
			children = (
				8CED45FD2DFB5CFD00909CC6 /* TMDbService.swift */,
				8C77B89C2DFF399900C72EEC /* NetworkManager.swift */,
				8CD9FAC32E01BD820046DAAB /* ImageCache.swift */,
				8C96D65C2E144E5A00875FA7 /* DateHelpers.swift */,
			);
			path = Service;
			sourceTree = "<group>";
		};
		E39E99AD8CB3A7FED8B24A2A /* Frameworks */ = {
			isa = PBXGroup;
			children = (
				6C978CE50F649DC866AA63E1 /* Pods_FilmsApp.framework */,
				205E55132A896DE2AA9AB37E /* Pods_FilmsAppTests.framework */,
			);
			name = Frameworks;
			sourceTree = "<group>";
		};
/* End PBXGroup section */

/* Begin PBXNativeTarget section */
		61D0A56126B2833C00FD68FF /* FilmsApp */ = {
			isa = PBXNativeTarget;
			buildConfigurationList = 61D0A57626B2833D00FD68FF /* Build configuration list for PBXNativeTarget "FilmsApp" */;
			buildPhases = (
				D83F2C2BBC4587F176D2DA95 /* [CP] Check Pods Manifest.lock */,
				61D0A55E26B2833C00FD68FF /* Sources */,
				61D0A55F26B2833C00FD68FF /* Frameworks */,
				61D0A56026B2833C00FD68FF /* Resources */,
				3D64D48D4AB8615F9DBF0FF1 /* [CP] Embed Pods Frameworks */,
			);
			buildRules = (
			);
			dependencies = (
			);
			name = FilmsApp;
			productName = FilmsApp;
			productReference = 61D0A56226B2833C00FD68FF /* FilmsApp.app */;
			productType = "com.apple.product-type.application";
		};
		8C77B8BD2DFF400000C72EEC /* FilmsAppTests */ = {
			isa = PBXNativeTarget;
			buildConfigurationList = 8C77B8C42DFF400100C72EEC /* Build configuration list for PBXNativeTarget "FilmsAppTests" */;
			buildPhases = (
				04E48DE0BDFB79ABFF462A98 /* [CP] Check Pods Manifest.lock */,
				8C77B8BA2DFF400000C72EEC /* Sources */,
				8C77B8BB2DFF400000C72EEC /* Frameworks */,
				8C77B8BC2DFF400000C72EEC /* Resources */,
				E771AE51580342CF6076CB46 /* [CP] Embed Pods Frameworks */,
			);
			buildRules = (
			);
			dependencies = (
				8C77B8C32DFF400100C72EEC /* PBXTargetDependency */,
			);
			name = FilmsAppTests;
			productName = FilmsAppTests;
			productReference = 8C77B8BE2DFF400000C72EEC /* FilmsAppTests.xctest */;
			productType = "com.apple.product-type.bundle.unit-test";
		};
/* End PBXNativeTarget section */

/* Begin PBXProject section */
		61D0A55A26B2833C00FD68FF /* Project object */ = {
			isa = PBXProject;
			attributes = {
				LastSwiftUpdateCheck = 1420;
				LastUpgradeCheck = 1240;
				TargetAttributes = {
					61D0A56126B2833C00FD68FF = {
						CreatedOnToolsVersion = 12.4;
					};
					8C77B8BD2DFF400000C72EEC = {
						CreatedOnToolsVersion = 14.2;
						LastSwiftMigration = 1420;
						TestTargetID = 61D0A56126B2833C00FD68FF;
					};
				};
			};
			buildConfigurationList = 61D0A55D26B2833C00FD68FF /* Build configuration list for PBXProject "FilmsApp" */;
			compatibilityVersion = "Xcode 9.3";
			developmentRegion = en;
			hasScannedForEncodings = 0;
			knownRegions = (
				en,
				Base,
				fr,
			);
			mainGroup = 61D0A55926B2833C00FD68FF;
			productRefGroup = 61D0A56326B2833C00FD68FF /* Products */;
			projectDirPath = "";
			projectRoot = "";
			targets = (
				61D0A56126B2833C00FD68FF /* FilmsApp */,
				8C77B8BD2DFF400000C72EEC /* FilmsAppTests */,
			);
		};
/* End PBXProject section */

/* Begin PBXResourcesBuildPhase section */
		61D0A56026B2833C00FD68FF /* Resources */ = {
			isa = PBXResourcesBuildPhase;
			buildActionMask = 2147483647;
			files = (
				61D0A57226B2833D00FD68FF /* LaunchScreen.storyboard in Resources */,
				8CC63EC02E00AC45003C46EB /* Localizable.strings in Resources */,
				61D0A56F26B2833D00FD68FF /* Assets.xcassets in Resources */,
				8C6A4A0D2DAEC3ED00739AB1 /* MyCustomCell.xib in Resources */,
				8C5853702DD9FB77002BEA55 /* FavoriteFilmViewController.xib in Resources */,
				61D0A56D26B2833C00FD68FF /* Main.storyboard in Resources */,
			);
			runOnlyForDeploymentPostprocessing = 0;
		};
		8C77B8BC2DFF400000C72EEC /* Resources */ = {
			isa = PBXResourcesBuildPhase;
			buildActionMask = 2147483647;
			files = (
			);
			runOnlyForDeploymentPostprocessing = 0;
		};
/* End PBXResourcesBuildPhase section */

/* Begin PBXShellScriptBuildPhase section */
		04E48DE0BDFB79ABFF462A98 /* [CP] Check Pods Manifest.lock */ = {
			isa = PBXShellScriptBuildPhase;
			buildActionMask = 2147483647;
			files = (
			);
			inputFileListPaths = (
			);
			inputPaths = (
				"${PODS_PODFILE_DIR_PATH}/Podfile.lock",
				"${PODS_ROOT}/Manifest.lock",
			);
			name = "[CP] Check Pods Manifest.lock";
			outputFileListPaths = (
			);
			outputPaths = (
				"$(DERIVED_FILE_DIR)/Pods-FilmsAppTests-checkManifestLockResult.txt",
			);
			runOnlyForDeploymentPostprocessing = 0;
			shellPath = /bin/sh;
			shellScript = "diff \"${PODS_PODFILE_DIR_PATH}/Podfile.lock\" \"${PODS_ROOT}/Manifest.lock\" > /dev/null\nif [ $? != 0 ] ; then\n    # print error to STDERR\n    echo \"error: The sandbox is not in sync with the Podfile.lock. Run 'pod install' or update your CocoaPods installation.\" >&2\n    exit 1\nfi\n# This output is used by Xcode 'outputs' to avoid re-running this script phase.\necho \"SUCCESS\" > \"${SCRIPT_OUTPUT_FILE_0}\"\n";
			showEnvVarsInLog = 0;
		};
		3D64D48D4AB8615F9DBF0FF1 /* [CP] Embed Pods Frameworks */ = {
			isa = PBXShellScriptBuildPhase;
			buildActionMask = 2147483647;
			files = (
			);
			inputFileListPaths = (
				"${PODS_ROOT}/Target Support Files/Pods-FilmsApp/Pods-FilmsApp-frameworks-${CONFIGURATION}-input-files.xcfilelist",
			);
			name = "[CP] Embed Pods Frameworks";
			outputFileListPaths = (
				"${PODS_ROOT}/Target Support Files/Pods-FilmsApp/Pods-FilmsApp-frameworks-${CONFIGURATION}-output-files.xcfilelist",
			);
			runOnlyForDeploymentPostprocessing = 0;
			shellPath = /bin/sh;
			shellScript = "\"${PODS_ROOT}/Target Support Files/Pods-FilmsApp/Pods-FilmsApp-frameworks.sh\"\n";
			showEnvVarsInLog = 0;
		};
		D83F2C2BBC4587F176D2DA95 /* [CP] Check Pods Manifest.lock */ = {
			isa = PBXShellScriptBuildPhase;
			buildActionMask = 2147483647;
			files = (
			);
			inputFileListPaths = (
			);
			inputPaths = (
				"${PODS_PODFILE_DIR_PATH}/Podfile.lock",
				"${PODS_ROOT}/Manifest.lock",
			);
			name = "[CP] Check Pods Manifest.lock";
			outputFileListPaths = (
			);
			outputPaths = (
				"$(DERIVED_FILE_DIR)/Pods-FilmsApp-checkManifestLockResult.txt",
			);
			runOnlyForDeploymentPostprocessing = 0;
			shellPath = /bin/sh;
			shellScript = "diff \"${PODS_PODFILE_DIR_PATH}/Podfile.lock\" \"${PODS_ROOT}/Manifest.lock\" > /dev/null\nif [ $? != 0 ] ; then\n    # print error to STDERR\n    echo \"error: The sandbox is not in sync with the Podfile.lock. Run 'pod install' or update your CocoaPods installation.\" >&2\n    exit 1\nfi\n# This output is used by Xcode 'outputs' to avoid re-running this script phase.\necho \"SUCCESS\" > \"${SCRIPT_OUTPUT_FILE_0}\"\n";
			showEnvVarsInLog = 0;
		};
		E771AE51580342CF6076CB46 /* [CP] Embed Pods Frameworks */ = {
			isa = PBXShellScriptBuildPhase;
			buildActionMask = 2147483647;
			files = (
			);
			inputFileListPaths = (
				"${PODS_ROOT}/Target Support Files/Pods-FilmsAppTests/Pods-FilmsAppTests-frameworks-${CONFIGURATION}-input-files.xcfilelist",
			);
			name = "[CP] Embed Pods Frameworks";
			outputFileListPaths = (
				"${PODS_ROOT}/Target Support Files/Pods-FilmsAppTests/Pods-FilmsAppTests-frameworks-${CONFIGURATION}-output-files.xcfilelist",
			);
			runOnlyForDeploymentPostprocessing = 0;
			shellPath = /bin/sh;
			shellScript = "\"${PODS_ROOT}/Target Support Files/Pods-FilmsAppTests/Pods-FilmsAppTests-frameworks.sh\"\n";
			showEnvVarsInLog = 0;
		};
/* End PBXShellScriptBuildPhase section */

/* Begin PBXSourcesBuildPhase section */
		61D0A55E26B2833C00FD68FF /* Sources */ = {
			isa = PBXSourcesBuildPhase;
			buildActionMask = 2147483647;
			files = (
				8C77B8CD2DFF43E600C72EEC /* NetworkManager.swift in Sources */,
				8CC221232DFE0CB300141A17 /* FavoritesViewController.swift in Sources */,
				8CED46042DFB6CE800909CC6 /* Model.swift in Sources */,
				8CB55D432DC1481F004F27A0 /* RoundingTransition.swift in Sources */,
				8C809A862DFC93B20054362D /* MovieResponce.swift in Sources */,
				8C6A4A092DAAB51300739AB1 /* MyCustomCell.swift in Sources */,
				61D0A56A26B2833C00FD68FF /* MainViewController.swift in Sources */,
				8C77B8972DFECB2700C72EEC /* enum MovieCategory.swift in Sources */,
				8C77B8932DFEBE7800C72EEC /* PreviewImageCell.swift in Sources */,
				8CD9FAC62E0326220046DAAB /* ImageInfo.swift in Sources */,
				61D0A56626B2833C00FD68FF /* AppDelegate.swift in Sources */,
				61D0A56826B2833C00FD68FF /* SceneDelegate.swift in Sources */,
				8CD9FAC22E01A3620046DAAB /* TrailerCell.swift in Sources */,
				8C809A882DFC97D10054362D /* FullPicViewController.swift in Sources */,
				8C77B8992DFF1C3900C72EEC /* ImageLoader.swift in Sources */,
				61EDC4AF26B406020016854F /* JSONModel.swift in Sources */,
				8CD9FAC42E01BD820046DAAB /* ImageCache.swift in Sources */,
				8CC63EBB2E008351003C46EB /* RoundingTransitionDelegate.swift in Sources */,
				8C77B8952DFEC0B000C72EEC /* FullImageGalleryViewController.swift in Sources */,
				8CED45FE2DFB5CFD00909CC6 /* TMDbService.swift in Sources */,
				61D0A57C26B2A86C00FD68FF /* DetailFilmViewController.swift in Sources */,
				8CB55D492DCD0C88004F27A0 /* ImageFullscreenViewController.swift in Sources */,
				8CD9FAC02E01A2120046DAAB /* Trailer.swift in Sources */,
				8C96D65D2E144E5A00875FA7 /* DateHelpers.swift in Sources */,
				8C77B89B2DFF1EBA00C72EEC /* MoviesViewController.swift in Sources */,
			);
			runOnlyForDeploymentPostprocessing = 0;
		};
		8C77B8BA2DFF400000C72EEC /* Sources */ = {
			isa = PBXSourcesBuildPhase;
			buildActionMask = 2147483647;
			files = (
				8C96D65B2E141BF600875FA7 /* MovieResponseParsingTests.swift in Sources */,
				8C96D6592E141B3300875FA7 /* MovieRealmTests.swift in Sources */,
				8C96D65F2E144F3800875FA7 /* DateParsingTests.swift in Sources */,
				8C77B8CB2DFF42A000C72EEC /* NetworkManagerTests.swift in Sources */,
				8C77B8C92DFF409900C72EEC /* FilmsAppTests.swift in Sources */,
			);
			runOnlyForDeploymentPostprocessing = 0;
		};
/* End PBXSourcesBuildPhase section */

/* Begin PBXTargetDependency section */
		8C77B8C32DFF400100C72EEC /* PBXTargetDependency */ = {
			isa = PBXTargetDependency;
			target = 61D0A56126B2833C00FD68FF /* FilmsApp */;
			targetProxy = 8C77B8C22DFF400100C72EEC /* PBXContainerItemProxy */;
		};
/* End PBXTargetDependency section */

/* Begin PBXVariantGroup section */
		61D0A56B26B2833C00FD68FF /* Main.storyboard */ = {
			isa = PBXVariantGroup;
			children = (
				61D0A56C26B2833C00FD68FF /* Base */,
				8CC63EBC2E00ABDB003C46EB /* fr */,
			);
			name = Main.storyboard;
			sourceTree = "<group>";
		};
		61D0A57026B2833D00FD68FF /* LaunchScreen.storyboard */ = {
			isa = PBXVariantGroup;
			children = (
				61D0A57126B2833D00FD68FF /* Base */,
				8CC63EBD2E00ABDB003C46EB /* fr */,
			);
			name = LaunchScreen.storyboard;
			sourceTree = "<group>";
		};
		8CC63EC22E00AC45003C46EB /* Localizable.strings */ = {
			isa = PBXVariantGroup;
			children = (
				8CC63EC12E00AC45003C46EB /* fr */,
				8CC63EC42E00AC74003C46EB /* en */,
			);
			name = Localizable.strings;
			sourceTree = "<group>";
		};
/* End PBXVariantGroup section */

/* Begin XCBuildConfiguration section */
		61D0A57426B2833D00FD68FF /* Debug */ = {
			isa = XCBuildConfiguration;
			buildSettings = {
				ALWAYS_SEARCH_USER_PATHS = NO;
				CLANG_ANALYZER_LOCALIZABILITY_NONLOCALIZED = YES;
				CLANG_ANALYZER_NONNULL = YES;
				CLANG_ANALYZER_NUMBER_OBJECT_CONVERSION = YES_AGGRESSIVE;
				CLANG_CXX_LANGUAGE_STANDARD = "gnu++14";
				CLANG_CXX_LIBRARY = "libc++";
				CLANG_ENABLE_MODULES = YES;
				CLANG_ENABLE_OBJC_ARC = YES;
				CLANG_ENABLE_OBJC_WEAK = YES;
				CLANG_WARN_BLOCK_CAPTURE_AUTORELEASING = YES;
				CLANG_WARN_BOOL_CONVERSION = YES;
				CLANG_WARN_COMMA = YES;
				CLANG_WARN_CONSTANT_CONVERSION = YES;
				CLANG_WARN_DEPRECATED_OBJC_IMPLEMENTATIONS = YES;
				CLANG_WARN_DIRECT_OBJC_ISA_USAGE = YES_ERROR;
				CLANG_WARN_DOCUMENTATION_COMMENTS = YES;
				CLANG_WARN_EMPTY_BODY = YES;
				CLANG_WARN_ENUM_CONVERSION = YES;
				CLANG_WARN_INFINITE_RECURSION = YES;
				CLANG_WARN_INT_CONVERSION = YES;
				CLANG_WARN_NON_LITERAL_NULL_CONVERSION = YES;
				CLANG_WARN_OBJC_IMPLICIT_RETAIN_SELF = YES;
				CLANG_WARN_OBJC_LITERAL_CONVERSION = YES;
				CLANG_WARN_OBJC_ROOT_CLASS = YES_ERROR;
				CLANG_WARN_QUOTED_INCLUDE_IN_FRAMEWORK_HEADER = YES;
				CLANG_WARN_RANGE_LOOP_ANALYSIS = YES;
				CLANG_WARN_STRICT_PROTOTYPES = YES;
				CLANG_WARN_SUSPICIOUS_MOVE = YES;
				CLANG_WARN_UNGUARDED_AVAILABILITY = YES_AGGRESSIVE;
				CLANG_WARN_UNREACHABLE_CODE = YES;
				CLANG_WARN__DUPLICATE_METHOD_MATCH = YES;
				COPY_PHASE_STRIP = NO;
				DEBUG_INFORMATION_FORMAT = dwarf;
				ENABLE_STRICT_OBJC_MSGSEND = YES;
				ENABLE_TESTABILITY = YES;
				GCC_C_LANGUAGE_STANDARD = gnu11;
				GCC_DYNAMIC_NO_PIC = NO;
				GCC_NO_COMMON_BLOCKS = YES;
				GCC_OPTIMIZATION_LEVEL = 0;
				GCC_PREPROCESSOR_DEFINITIONS = (
					"DEBUG=1",
					"$(inherited)",
				);
				GCC_WARN_64_TO_32_BIT_CONVERSION = YES;
				GCC_WARN_ABOUT_RETURN_TYPE = YES_ERROR;
				GCC_WARN_UNDECLARED_SELECTOR = YES;
				GCC_WARN_UNINITIALIZED_AUTOS = YES_AGGRESSIVE;
				GCC_WARN_UNUSED_FUNCTION = YES;
				GCC_WARN_UNUSED_VARIABLE = YES;
				IPHONEOS_DEPLOYMENT_TARGET = 14.4;
				MTL_ENABLE_DEBUG_INFO = INCLUDE_SOURCE;
				MTL_FAST_MATH = YES;
				ONLY_ACTIVE_ARCH = YES;
				SDKROOT = iphoneos;
				SWIFT_ACTIVE_COMPILATION_CONDITIONS = DEBUG;
				SWIFT_OPTIMIZATION_LEVEL = "-Onone";
			};
			name = Debug;
		};
		61D0A57526B2833D00FD68FF /* Release */ = {
			isa = XCBuildConfiguration;
			buildSettings = {
				ALWAYS_SEARCH_USER_PATHS = NO;
				CLANG_ANALYZER_LOCALIZABILITY_NONLOCALIZED = YES;
				CLANG_ANALYZER_NONNULL = YES;
				CLANG_ANALYZER_NUMBER_OBJECT_CONVERSION = YES_AGGRESSIVE;
				CLANG_CXX_LANGUAGE_STANDARD = "gnu++14";
				CLANG_CXX_LIBRARY = "libc++";
				CLANG_ENABLE_MODULES = YES;
				CLANG_ENABLE_OBJC_ARC = YES;
				CLANG_ENABLE_OBJC_WEAK = YES;
				CLANG_WARN_BLOCK_CAPTURE_AUTORELEASING = YES;
				CLANG_WARN_BOOL_CONVERSION = YES;
				CLANG_WARN_COMMA = YES;
				CLANG_WARN_CONSTANT_CONVERSION = YES;
				CLANG_WARN_DEPRECATED_OBJC_IMPLEMENTATIONS = YES;
				CLANG_WARN_DIRECT_OBJC_ISA_USAGE = YES_ERROR;
				CLANG_WARN_DOCUMENTATION_COMMENTS = YES;
				CLANG_WARN_EMPTY_BODY = YES;
				CLANG_WARN_ENUM_CONVERSION = YES;
				CLANG_WARN_INFINITE_RECURSION = YES;
				CLANG_WARN_INT_CONVERSION = YES;
				CLANG_WARN_NON_LITERAL_NULL_CONVERSION = YES;
				CLANG_WARN_OBJC_IMPLICIT_RETAIN_SELF = YES;
				CLANG_WARN_OBJC_LITERAL_CONVERSION = YES;
				CLANG_WARN_OBJC_ROOT_CLASS = YES_ERROR;
				CLANG_WARN_QUOTED_INCLUDE_IN_FRAMEWORK_HEADER = YES;
				CLANG_WARN_RANGE_LOOP_ANALYSIS = YES;
				CLANG_WARN_STRICT_PROTOTYPES = YES;
				CLANG_WARN_SUSPICIOUS_MOVE = YES;
				CLANG_WARN_UNGUARDED_AVAILABILITY = YES_AGGRESSIVE;
				CLANG_WARN_UNREACHABLE_CODE = YES;
				CLANG_WARN__DUPLICATE_METHOD_MATCH = YES;
				COPY_PHASE_STRIP = NO;
				DEBUG_INFORMATION_FORMAT = "dwarf-with-dsym";
				ENABLE_NS_ASSERTIONS = NO;
				ENABLE_STRICT_OBJC_MSGSEND = YES;
				GCC_C_LANGUAGE_STANDARD = gnu11;
				GCC_NO_COMMON_BLOCKS = YES;
				GCC_WARN_64_TO_32_BIT_CONVERSION = YES;
				GCC_WARN_ABOUT_RETURN_TYPE = YES_ERROR;
				GCC_WARN_UNDECLARED_SELECTOR = YES;
				GCC_WARN_UNINITIALIZED_AUTOS = YES_AGGRESSIVE;
				GCC_WARN_UNUSED_FUNCTION = YES;
				GCC_WARN_UNUSED_VARIABLE = YES;
				IPHONEOS_DEPLOYMENT_TARGET = 14.4;
				MTL_ENABLE_DEBUG_INFO = NO;
				MTL_FAST_MATH = YES;
				SDKROOT = iphoneos;
				SWIFT_COMPILATION_MODE = wholemodule;
				SWIFT_OPTIMIZATION_LEVEL = "-O";
				VALIDATE_PRODUCT = YES;
			};
			name = Release;
		};
		61D0A57726B2833D00FD68FF /* Debug */ = {
			isa = XCBuildConfiguration;
			baseConfigurationReference = 3B220794E6CFCD0F2EFBFC9C /* Pods-FilmsApp.debug.xcconfig */;
			buildSettings = {
				ASSETCATALOG_COMPILER_APPICON_NAME = AppIcon;
				ASSETCATALOG_COMPILER_GLOBAL_ACCENT_COLOR_NAME = AccentColor;
				CODE_SIGN_STYLE = Automatic;
				DEVELOPMENT_TEAM = J78RUV443X;
				INFOPLIST_FILE = FilmsApp/Info.plist;
				LD_RUNPATH_SEARCH_PATHS = (
					"$(inherited)",
					"@executable_path/Frameworks",
				);
				PRODUCT_BUNDLE_IDENTIFIER = myID.FilmsApp;
				PRODUCT_NAME = "$(TARGET_NAME)";
				SWIFT_VERSION = 5.0;
				TARGETED_DEVICE_FAMILY = "1,2";
			};
			name = Debug;
		};
		61D0A57826B2833D00FD68FF /* Release */ = {
			isa = XCBuildConfiguration;
			baseConfigurationReference = B6CB31E5C3BC7AC396DB926B /* Pods-FilmsApp.release.xcconfig */;
			buildSettings = {
				ASSETCATALOG_COMPILER_APPICON_NAME = AppIcon;
				ASSETCATALOG_COMPILER_GLOBAL_ACCENT_COLOR_NAME = AccentColor;
				CODE_SIGN_STYLE = Automatic;
				DEVELOPMENT_TEAM = J78RUV443X;
				INFOPLIST_FILE = FilmsApp/Info.plist;
				LD_RUNPATH_SEARCH_PATHS = (
					"$(inherited)",
					"@executable_path/Frameworks",
				);
				PRODUCT_BUNDLE_IDENTIFIER = myID.FilmsApp;
				PRODUCT_NAME = "$(TARGET_NAME)";
				SWIFT_VERSION = 5.0;
				TARGETED_DEVICE_FAMILY = "1,2";
			};
			name = Release;
		};
		8C77B8C52DFF400100C72EEC /* Debug */ = {
			isa = XCBuildConfiguration;
			baseConfigurationReference = 2DABD949C90D11909D8A3E19 /* Pods-FilmsAppTests.debug.xcconfig */;
			buildSettings = {
				BUNDLE_LOADER = "$(TEST_HOST)";
				CLANG_CXX_LANGUAGE_STANDARD = "gnu++20";
				CLANG_ENABLE_MODULES = YES;
				CODE_SIGN_STYLE = Automatic;
				CURRENT_PROJECT_VERSION = 1;
				DEVELOPMENT_TEAM = DPJ28BCYQX;
				GENERATE_INFOPLIST_FILE = YES;
				IPHONEOS_DEPLOYMENT_TARGET = 16.2;
				LD_RUNPATH_SEARCH_PATHS = (
					"$(inherited)",
					"@executable_path/Frameworks",
					"@loader_path/Frameworks",
				);
				MARKETING_VERSION = 1.0;
				PRODUCT_BUNDLE_IDENTIFIER = Irina.FilmsAppTests;
				PRODUCT_NAME = "$(TARGET_NAME)";
				SWIFT_EMIT_LOC_STRINGS = NO;
				SWIFT_OBJC_BRIDGING_HEADER = "FilmsAppTests/FilmsAppTests-Bridging-Header.h";
				SWIFT_OPTIMIZATION_LEVEL = "-Onone";
				SWIFT_VERSION = 5.0;
				TARGETED_DEVICE_FAMILY = "1,2";
				TEST_HOST = "$(BUILT_PRODUCTS_DIR)/FilmsApp.app/$(BUNDLE_EXECUTABLE_FOLDER_PATH)/FilmsApp";
			};
			name = Debug;
		};
		8C77B8C62DFF400100C72EEC /* Release */ = {
			isa = XCBuildConfiguration;
			baseConfigurationReference = 9B10D94BD0E1A252700E8E02 /* Pods-FilmsAppTests.release.xcconfig */;
			buildSettings = {
				BUNDLE_LOADER = "$(TEST_HOST)";
				CLANG_CXX_LANGUAGE_STANDARD = "gnu++20";
				CLANG_ENABLE_MODULES = YES;
				CODE_SIGN_STYLE = Automatic;
				CURRENT_PROJECT_VERSION = 1;
				DEVELOPMENT_TEAM = DPJ28BCYQX;
				GENERATE_INFOPLIST_FILE = YES;
				IPHONEOS_DEPLOYMENT_TARGET = 16.2;
				LD_RUNPATH_SEARCH_PATHS = (
					"$(inherited)",
					"@executable_path/Frameworks",
					"@loader_path/Frameworks",
				);
				MARKETING_VERSION = 1.0;
				PRODUCT_BUNDLE_IDENTIFIER = Irina.FilmsAppTests;
				PRODUCT_NAME = "$(TARGET_NAME)";
				SWIFT_EMIT_LOC_STRINGS = NO;
				SWIFT_OBJC_BRIDGING_HEADER = "FilmsAppTests/FilmsAppTests-Bridging-Header.h";
				SWIFT_VERSION = 5.0;
				TARGETED_DEVICE_FAMILY = "1,2";
				TEST_HOST = "$(BUILT_PRODUCTS_DIR)/FilmsApp.app/$(BUNDLE_EXECUTABLE_FOLDER_PATH)/FilmsApp";
			};
			name = Release;
		};
/* End XCBuildConfiguration section */

/* Begin XCConfigurationList section */
		61D0A55D26B2833C00FD68FF /* Build configuration list for PBXProject "FilmsApp" */ = {
			isa = XCConfigurationList;
			buildConfigurations = (
				61D0A57426B2833D00FD68FF /* Debug */,
				61D0A57526B2833D00FD68FF /* Release */,
			);
			defaultConfigurationIsVisible = 0;
			defaultConfigurationName = Release;
		};
		61D0A57626B2833D00FD68FF /* Build configuration list for PBXNativeTarget "FilmsApp" */ = {
			isa = XCConfigurationList;
			buildConfigurations = (
				61D0A57726B2833D00FD68FF /* Debug */,
				61D0A57826B2833D00FD68FF /* Release */,
			);
			defaultConfigurationIsVisible = 0;
			defaultConfigurationName = Release;
		};
		8C77B8C42DFF400100C72EEC /* Build configuration list for PBXNativeTarget "FilmsAppTests" */ = {
			isa = XCConfigurationList;
			buildConfigurations = (
				8C77B8C52DFF400100C72EEC /* Debug */,
				8C77B8C62DFF400100C72EEC /* Release */,
			);
			defaultConfigurationIsVisible = 0;
			defaultConfigurationName = Release;
		};
/* End XCConfigurationList section */
	};
	rootObject = 61D0A55A26B2833C00FD68FF /* Project object */;
}
